
Microsoft Visual Studio Solution File, Format Version 12.00
# Visual Studio Version 16
VisualStudioVersion = 16.0.30204.135
MinimumVisualStudioVersion = 10.0.40219.1
Project("{FAE04EC0-301F-11D3-BF4B-00C04F79EFBC}") = "ProgrammingAssignment3", "ProgrammingAssignment3\ProgrammingAssignment3.csproj", "{DE890AF7-6795-449C-AE59-1B6BEA6D04AF}"
EndProject
Global
	GlobalSection(SolutionConfigurationPlatforms) = preSolution
		Debug|Any CPU = Debug|Any CPU
		Release|Any CPU = Release|Any CPU
	EndGlobalSection
	GlobalSection(ProjectConfigurationPlatforms) = postSolution
		{DE890AF7-6795-449C-AE59-1B6BEA6D04AF}.Debug|Any CPU.ActiveCfg = Debug|Any CPU
		{DE890AF7-6795-449C-AE59-1B6BEA6D04AF}.Debug|Any CPU.Build.0 = Debug|Any CPU
		{DE890AF7-6795-449C-AE59-1B6BEA6D04AF}.Release|Any CPU.ActiveCfg = Release|Any CPU
		{DE890AF7-6795-449C-AE59-1B6BEA6D04AF}.Release|Any CPU.Build.0 = Release|Any CPU
	EndGlobalSection
	GlobalSection(SolutionProperties) = preSolution
		HideSolutionNode = FALSE
	EndGlobalSection
	GlobalSection(ExtensibilityGlobals) = postSolution
		SolutionGuid = {DB2659DF-A41F-4401-BE8E-5FB6B69AC380}
	EndGlobalSection
EndGlobal
