
Microsoft Visual Studio Solution File, Format Version 12.00
# Visual Studio Version 16
VisualStudioVersion = 16.0.30204.135
MinimumVisualStudioVersion = 10.0.40219.1
Project("{FAE04EC0-301F-11D3-BF4B-00C04F79EFBC}") = "ProgrammingAssignment4", "ProgrammingAssignment4\ProgrammingAssignment4.csproj", "{181251A7-F3F6-4686-9BD3-4F9C7C4D49C9}"
EndProject
Global
	GlobalSection(SolutionConfigurationPlatforms) = preSolution
		Debug|Any CPU = Debug|Any CPU
		Release|Any CPU = Release|Any CPU
	EndGlobalSection
	GlobalSection(ProjectConfigurationPlatforms) = postSolution
		{181251A7-F3F6-4686-9BD3-4F9C7C4D49C9}.Debug|Any CPU.ActiveCfg = Debug|Any CPU
		{181251A7-F3F6-4686-9BD3-4F9C7C4D49C9}.Debug|Any CPU.Build.0 = Debug|Any CPU
		{181251A7-F3F6-4686-9BD3-4F9C7C4D49C9}.Release|Any CPU.ActiveCfg = Release|Any CPU
		{181251A7-F3F6-4686-9BD3-4F9C7C4D49C9}.Release|Any CPU.Build.0 = Release|Any CPU
	EndGlobalSection
	GlobalSection(SolutionProperties) = preSolution
		HideSolutionNode = FALSE
	EndGlobalSection
	GlobalSection(ExtensibilityGlobals) = postSolution
		SolutionGuid = {AE10877C-B0BE-4F65-8F4C-14A744097B14}
	EndGlobalSection
EndGlobal
